
Microsoft Visual Studio Solution File, Format Version 12.00
# Visual Studio Version 17
VisualStudioVersion = 17.3.32929.385
MinimumVisualStudioVersion = 10.0.40219.1
Project("{FAE04EC0-301F-11D3-BF4B-00C04F79EFBC}") = "Coords.Angular", "Coords.Angular\Coords.Angular.csproj", "{64D3230B-869C-4482-84CD-CE0120BD68BF}"
EndProject
Global
	GlobalSection(SolutionConfigurationPlatforms) = preSolution
		Debug|Any CPU = Debug|Any CPU
		Release|Any CPU = Release|Any CPU
	EndGlobalSection
	GlobalSection(ProjectConfigurationPlatforms) = postSolution
		{64D3230B-869C-4482-84CD-CE0120BD68BF}.Debug|Any CPU.ActiveCfg = Debug|Any CPU
		{64D3230B-869C-4482-84CD-CE0120BD68BF}.Debug|Any CPU.Build.0 = Debug|Any CPU
		{64D3230B-869C-4482-84CD-CE0120BD68BF}.Release|Any CPU.ActiveCfg = Release|Any CPU
		{64D3230B-869C-4482-84CD-CE0120BD68BF}.Release|Any CPU.Build.0 = Release|Any CPU
	EndGlobalSection
	GlobalSection(SolutionProperties) = preSolution
		HideSolutionNode = FALSE
	EndGlobalSection
	GlobalSection(ExtensibilityGlobals) = postSolution
		SolutionGuid = {EDEB9D26-9900-4D88-BE5E-64FFCE0A7E54}
	EndGlobalSection
EndGlobal
